PODS:
  - Flutter (1.0.0)
  - tink_plugin (0.0.1):
    - Flutter

DEPENDENCIES:
  - Flutter (from `Flutter`)
  - tink_plugin (from `.symlinks/plugins/tink_plugin/ios`)

EXTERNAL SOURCES:
  Flutter:
    :path: Flutter
  tink_plugin:
    :path: ".symlinks/plugins/tink_plugin/ios"

SPEC CHECKSUMS:
  Flutter: 0e3d915762c693b495b44d77113d4970485de6ec
  tink_plugin: ea06f35eaba6daca25954d7cbbca30f1cd68d0b9

PODFILE CHECKSUM: aafe91acc616949ddb318b77800a7f51bffa2a4c

COCOAPODS: 1.10.1
